// !$*UTF8*$!
{
	archiveVersion = 1;
	classes = {
	};
	objectVersion = 56;
	objects = {

/* Begin PBXBuildFile section */
		D55B361C29DF7FBA005AD9B4 /* ChessHeatmapApp.swift in Sources */ = {isa = PBXBuildFile; fileRef = D55B361B29DF7FBA005AD9B4 /* ChessHeatmapApp.swift */; };
		D55B362029DF7FBB005AD9B4 /* Assets.xcassets in Resources */ = {isa = PBXBuildFile; fileRef = D55B361F29DF7FBB005AD9B4 /* Assets.xcassets */; };
		D55B362F29DF80C6005AD9B4 /* ChessClient.swift in Sources */ = {isa = PBXBuildFile; fileRef = D55B362E29DF80C6005AD9B4 /* ChessClient.swift */; };
		D55B363229DF819F005AD9B4 /* Environment+ChessClient.swift in Sources */ = {isa = PBXBuildFile; fileRef = D55B363129DF819F005AD9B4 /* Environment+ChessClient.swift */; };
		D57356FA29DF8263005225D6 /* ChessHeatmapTests.swift in Sources */ = {isa = PBXBuildFile; fileRef = D57356F929DF8263005225D6 /* ChessHeatmapTests.swift */; };
		D573570929DF87D9005225D6 /* Game.swift in Sources */ = {isa = PBXBuildFile; fileRef = D573570829DF87D9005225D6 /* Game.swift */; };
		D573570C29DF89B6005225D6 /* ChessClientTests.swift in Sources */ = {isa = PBXBuildFile; fileRef = D573570B29DF89B6005225D6 /* ChessClientTests.swift */; };
		D573570F29DF8C4C005225D6 /* YearResultView.swift in Sources */ = {isa = PBXBuildFile; fileRef = D573570E29DF8C4C005225D6 /* YearResultView.swift */; };
		D573571129DF9712005225D6 /* HeatmapView.swift in Sources */ = {isa = PBXBuildFile; fileRef = D573571029DF9712005225D6 /* HeatmapView.swift */; };
		D573571329DF9767005225D6 /* OrderedGames.swift in Sources */ = {isa = PBXBuildFile; fileRef = D573571229DF9767005225D6 /* OrderedGames.swift */; };
		D573571529DF9855005225D6 /* Player.swift in Sources */ = {isa = PBXBuildFile; fileRef = D573571429DF9855005225D6 /* Player.swift */; };
		D573571729DF9877005225D6 /* GameResult.swift in Sources */ = {isa = PBXBuildFile; fileRef = D573571629DF9877005225D6 /* GameResult.swift */; };
		D573571A29DFC4FF005225D6 /* SQLite in Frameworks */ = {isa = PBXBuildFile; productRef = D573571929DFC4FF005225D6 /* SQLite */; };
		D573571D29DFC5A8005225D6 /* UserListView.swift in Sources */ = {isa = PBXBuildFile; fileRef = D573571C29DFC5A8005225D6 /* UserListView.swift */; };
		D573571F29DFC5BD005225D6 /* User.swift in Sources */ = {isa = PBXBuildFile; fileRef = D573571E29DFC5BD005225D6 /* User.swift */; };
		D573572129DFC79E005225D6 /* DatabaseClient.swift in Sources */ = {isa = PBXBuildFile; fileRef = D573572029DFC79E005225D6 /* DatabaseClient.swift */; };
		D573572729DFCC93005225D6 /* SQLiteMigrationManager in Frameworks */ = {isa = PBXBuildFile; productRef = D573572629DFCC93005225D6 /* SQLiteMigrationManager */; };
		D573572B29DFCD0E005225D6 /* AddInitialTables.swift in Sources */ = {isa = PBXBuildFile; fileRef = D573572A29DFCD0E005225D6 /* AddInitialTables.swift */; };
		D573572D29DFCD8E005225D6 /* Schema.swift in Sources */ = {isa = PBXBuildFile; fileRef = D573572C29DFCD8E005225D6 /* Schema.swift */; };
		D573573029DFD131005225D6 /* Migrations.swift in Sources */ = {isa = PBXBuildFile; fileRef = D573572F29DFD131005225D6 /* Migrations.swift */; };
		D573573329DFD1DD005225D6 /* MigrationsTests.swift in Sources */ = {isa = PBXBuildFile; fileRef = D573573229DFD1DD005225D6 /* MigrationsTests.swift */; };
/* End PBXBuildFile section */

/* Begin PBXContainerItemProxy section */
		D57356FB29DF8263005225D6 /* PBXContainerItemProxy */ = {
			isa = PBXContainerItemProxy;
			containerPortal = D55B361029DF7FBA005AD9B4 /* Project object */;
			proxyType = 1;
			remoteGlobalIDString = D55B361729DF7FBA005AD9B4;
			remoteInfo = ChessHeatmap;
		};
/* End PBXContainerItemProxy section */

/* Begin PBXFileReference section */
		D55B361829DF7FBA005AD9B4 /* ChessHeatmap.app */ = {isa = PBXFileReference; explicitFileType = wrapper.application; includeInIndex = 0; path = ChessHeatmap.app; sourceTree = BUILT_PRODUCTS_DIR; };
		D55B361B29DF7FBA005AD9B4 /* ChessHeatmapApp.swift */ = {isa = PBXFileReference; lastKnownFileType = sourcecode.swift; path = ChessHeatmapApp.swift; sourceTree = "<group>"; };
		D55B361F29DF7FBB005AD9B4 /* Assets.xcassets */ = {isa = PBXFileReference; lastKnownFileType = folder.assetcatalog; path = Assets.xcassets; sourceTree = "<group>"; };
		D55B362129DF7FBB005AD9B4 /* ChessHeatmap.entitlements */ = {isa = PBXFileReference; lastKnownFileType = text.plist.entitlements; path = ChessHeatmap.entitlements; sourceTree = "<group>"; };
		D55B362E29DF80C6005AD9B4 /* ChessClient.swift */ = {isa = PBXFileReference; lastKnownFileType = sourcecode.swift; path = ChessClient.swift; sourceTree = "<group>"; };
		D55B363129DF819F005AD9B4 /* Environment+ChessClient.swift */ = {isa = PBXFileReference; lastKnownFileType = sourcecode.swift; path = "Environment+ChessClient.swift"; sourceTree = "<group>"; };
		D57356F729DF8263005225D6 /* ChessHeatmapTests.xctest */ = {isa = PBXFileReference; explicitFileType = wrapper.cfbundle; includeInIndex = 0; path = ChessHeatmapTests.xctest; sourceTree = BUILT_PRODUCTS_DIR; };
		D57356F929DF8263005225D6 /* ChessHeatmapTests.swift */ = {isa = PBXFileReference; lastKnownFileType = sourcecode.swift; path = ChessHeatmapTests.swift; sourceTree = "<group>"; };
		D573570829DF87D9005225D6 /* Game.swift */ = {isa = PBXFileReference; lastKnownFileType = sourcecode.swift; path = Game.swift; sourceTree = "<group>"; };
		D573570B29DF89B6005225D6 /* ChessClientTests.swift */ = {isa = PBXFileReference; lastKnownFileType = sourcecode.swift; path = ChessClientTests.swift; sourceTree = "<group>"; };
		D573570E29DF8C4C005225D6 /* YearResultView.swift */ = {isa = PBXFileReference; lastKnownFileType = sourcecode.swift; path = YearResultView.swift; sourceTree = "<group>"; };
		D573571029DF9712005225D6 /* HeatmapView.swift */ = {isa = PBXFileReference; lastKnownFileType = sourcecode.swift; path = HeatmapView.swift; sourceTree = "<group>"; };
		D573571229DF9767005225D6 /* OrderedGames.swift */ = {isa = PBXFileReference; lastKnownFileType = sourcecode.swift; path = OrderedGames.swift; sourceTree = "<group>"; };
		D573571429DF9855005225D6 /* Player.swift */ = {isa = PBXFileReference; lastKnownFileType = sourcecode.swift; path = Player.swift; sourceTree = "<group>"; };
		D573571629DF9877005225D6 /* GameResult.swift */ = {isa = PBXFileReference; lastKnownFileType = sourcecode.swift; path = GameResult.swift; sourceTree = "<group>"; };
		D573571C29DFC5A8005225D6 /* UserListView.swift */ = {isa = PBXFileReference; lastKnownFileType = sourcecode.swift; path = UserListView.swift; sourceTree = "<group>"; };
		D573571E29DFC5BD005225D6 /* User.swift */ = {isa = PBXFileReference; lastKnownFileType = sourcecode.swift; path = User.swift; sourceTree = "<group>"; };
		D573572029DFC79E005225D6 /* DatabaseClient.swift */ = {isa = PBXFileReference; lastKnownFileType = sourcecode.swift; path = DatabaseClient.swift; sourceTree = "<group>"; };
		D573572A29DFCD0E005225D6 /* AddInitialTables.swift */ = {isa = PBXFileReference; lastKnownFileType = sourcecode.swift; path = AddInitialTables.swift; sourceTree = "<group>"; };
		D573572C29DFCD8E005225D6 /* Schema.swift */ = {isa = PBXFileReference; lastKnownFileType = sourcecode.swift; path = Schema.swift; sourceTree = "<group>"; };
		D573572F29DFD131005225D6 /* Migrations.swift */ = {isa = PBXFileReference; lastKnownFileType = sourcecode.swift; path = Migrations.swift; sourceTree = "<group>"; };
		D573573229DFD1DD005225D6 /* MigrationsTests.swift */ = {isa = PBXFileReference; lastKnownFileType = sourcecode.swift; path = MigrationsTests.swift; sourceTree = "<group>"; };
/* End PBXFileReference section */

/* Begin PBXFrameworksBuildPhase section */
		D55B361529DF7FBA005AD9B4 /* Frameworks */ = {
			isa = PBXFrameworksBuildPhase;
			buildActionMask = 2147483647;
			files = (
				D573571A29DFC4FF005225D6 /* SQLite in Frameworks */,
				D573572729DFCC93005225D6 /* SQLiteMigrationManager in Frameworks */,
			);
			runOnlyForDeploymentPostprocessing = 0;
		};
		D57356F429DF8263005225D6 /* Frameworks */ = {
			isa = PBXFrameworksBuildPhase;
			buildActionMask = 2147483647;
			files = (
			);
			runOnlyForDeploymentPostprocessing = 0;
		};
/* End PBXFrameworksBuildPhase section */

/* Begin PBXGroup section */
		D55B360F29DF7FBA005AD9B4 = {
			isa = PBXGroup;
			children = (
				D55B361A29DF7FBA005AD9B4 /* ChessHeatmap */,
				D57356F829DF8263005225D6 /* ChessHeatmapTests */,
				D55B361929DF7FBA005AD9B4 /* Products */,
			);
			sourceTree = "<group>";
		};
		D55B361929DF7FBA005AD9B4 /* Products */ = {
			isa = PBXGroup;
			children = (
				D55B361829DF7FBA005AD9B4 /* ChessHeatmap.app */,
				D57356F729DF8263005225D6 /* ChessHeatmapTests.xctest */,
			);
			name = Products;
			sourceTree = "<group>";
		};
		D55B361A29DF7FBA005AD9B4 /* ChessHeatmap */ = {
			isa = PBXGroup;
			children = (
				D573572829DFCCF1005225D6 /* database */,
				D573570729DF87CF005225D6 /* domain */,
				D55B363029DF818A005AD9B4 /* environment */,
				D55B362D29DF80BB005AD9B4 /* services */,
				D55B362C29DF8099005AD9B4 /* components */,
				D55B362B29DF8095005AD9B4 /* resources */,
				D55B362A29DF8090005AD9B4 /* modules */,
				D55B361B29DF7FBA005AD9B4 /* ChessHeatmapApp.swift */,
			);
			path = ChessHeatmap;
			sourceTree = "<group>";
		};
		D55B362A29DF8090005AD9B4 /* modules */ = {
			isa = PBXGroup;
			children = (
				D573571B29DFC59C005225D6 /* UserList */,
				D573570D29DF8C30005225D6 /* YearResult */,
			);
			path = modules;
			sourceTree = "<group>";
		};
		D55B362B29DF8095005AD9B4 /* resources */ = {
			isa = PBXGroup;
			children = (
				D55B362129DF7FBB005AD9B4 /* ChessHeatmap.entitlements */,
				D55B361F29DF7FBB005AD9B4 /* Assets.xcassets */,
			);
			path = resources;
			sourceTree = "<group>";
		};
		D55B362C29DF8099005AD9B4 /* components */ = {
			isa = PBXGroup;
			children = (
				D573571029DF9712005225D6 /* HeatmapView.swift */,
			);
			path = components;
			sourceTree = "<group>";
		};
		D55B362D29DF80BB005AD9B4 /* services */ = {
			isa = PBXGroup;
			children = (
				D55B362E29DF80C6005AD9B4 /* ChessClient.swift */,
				D573572029DFC79E005225D6 /* DatabaseClient.swift */,
			);
			path = services;
			sourceTree = "<group>";
		};
		D55B363029DF818A005AD9B4 /* environment */ = {
			isa = PBXGroup;
			children = (
				D55B363129DF819F005AD9B4 /* Environment+ChessClient.swift */,
			);
			path = environment;
			sourceTree = "<group>";
		};
		D57356F829DF8263005225D6 /* ChessHeatmapTests */ = {
			isa = PBXGroup;
			children = (
				D573573129DFD1D2005225D6 /* database */,
				D573570A29DF89A8005225D6 /* services */,
				D57356F929DF8263005225D6 /* ChessHeatmapTests.swift */,
			);
			path = ChessHeatmapTests;
			sourceTree = "<group>";
		};
		D573570729DF87CF005225D6 /* domain */ = {
			isa = PBXGroup;
			children = (
				D573570829DF87D9005225D6 /* Game.swift */,
				D573571229DF9767005225D6 /* OrderedGames.swift */,
				D573571429DF9855005225D6 /* Player.swift */,
				D573571629DF9877005225D6 /* GameResult.swift */,
				D573571E29DFC5BD005225D6 /* User.swift */,
			);
			path = domain;
			sourceTree = "<group>";
		};
		D573570A29DF89A8005225D6 /* services */ = {
			isa = PBXGroup;
			children = (
				D573570B29DF89B6005225D6 /* ChessClientTests.swift */,
			);
			path = services;
			sourceTree = "<group>";
		};
		D573570D29DF8C30005225D6 /* YearResult */ = {
			isa = PBXGroup;
			children = (
				D573570E29DF8C4C005225D6 /* YearResultView.swift */,
			);
			path = YearResult;
			sourceTree = "<group>";
		};
		D573571B29DFC59C005225D6 /* UserList */ = {
			isa = PBXGroup;
			children = (
				D573571C29DFC5A8005225D6 /* UserListView.swift */,
			);
			path = UserList;
			sourceTree = "<group>";
		};
		D573572829DFCCF1005225D6 /* database */ = {
			isa = PBXGroup;
			children = (
				D573572929DFCCF8005225D6 /* migrations */,
				D573572C29DFCD8E005225D6 /* Schema.swift */,
				D573572F29DFD131005225D6 /* Migrations.swift */,
			);
			path = database;
			sourceTree = "<group>";
		};
		D573572929DFCCF8005225D6 /* migrations */ = {
			isa = PBXGroup;
			children = (
				D573572A29DFCD0E005225D6 /* AddInitialTables.swift */,
			);
			path = migrations;
			sourceTree = "<group>";
		};
		D573573129DFD1D2005225D6 /* database */ = {
			isa = PBXGroup;
			children = (
				D573573229DFD1DD005225D6 /* MigrationsTests.swift */,
			);
			path = database;
			sourceTree = "<group>";
		};
/* End PBXGroup section */

/* Begin PBXNativeTarget section */
		D55B361729DF7FBA005AD9B4 /* ChessHeatmap */ = {
			isa = PBXNativeTarget;
			buildConfigurationList = D55B362729DF7FBB005AD9B4 /* Build configuration list for PBXNativeTarget "ChessHeatmap" */;
			buildPhases = (
				D55B361429DF7FBA005AD9B4 /* Sources */,
				D55B361529DF7FBA005AD9B4 /* Frameworks */,
				D55B361629DF7FBA005AD9B4 /* Resources */,
			);
			buildRules = (
			);
			dependencies = (
			);
			name = ChessHeatmap;
			packageProductDependencies = (
				D573571929DFC4FF005225D6 /* SQLite */,
				D573572629DFCC93005225D6 /* SQLiteMigrationManager */,
			);
			productName = ChessHeatmap;
			productReference = D55B361829DF7FBA005AD9B4 /* ChessHeatmap.app */;
			productType = "com.apple.product-type.application";
		};
		D57356F629DF8263005225D6 /* ChessHeatmapTests */ = {
			isa = PBXNativeTarget;
			buildConfigurationList = D57356FD29DF8263005225D6 /* Build configuration list for PBXNativeTarget "ChessHeatmapTests" */;
			buildPhases = (
				D57356F329DF8263005225D6 /* Sources */,
				D57356F429DF8263005225D6 /* Frameworks */,
				D57356F529DF8263005225D6 /* Resources */,
			);
			buildRules = (
			);
			dependencies = (
				D57356FC29DF8263005225D6 /* PBXTargetDependency */,
			);
			name = ChessHeatmapTests;
			productName = ChessHeatmapTests;
			productReference = D57356F729DF8263005225D6 /* ChessHeatmapTests.xctest */;
			productType = "com.apple.product-type.bundle.unit-test";
		};
/* End PBXNativeTarget section */

/* Begin PBXProject section */
		D55B361029DF7FBA005AD9B4 /* Project object */ = {
			isa = PBXProject;
			attributes = {
				BuildIndependentTargetsInParallel = 1;
				LastSwiftUpdateCheck = 1420;
				LastUpgradeCheck = 1420;
				TargetAttributes = {
					D55B361729DF7FBA005AD9B4 = {
						CreatedOnToolsVersion = 14.2;
					};
					D57356F629DF8263005225D6 = {
						CreatedOnToolsVersion = 14.2;
						TestTargetID = D55B361729DF7FBA005AD9B4;
					};
				};
			};
			buildConfigurationList = D55B361329DF7FBA005AD9B4 /* Build configuration list for PBXProject "ChessHeatmap" */;
			compatibilityVersion = "Xcode 14.0";
			developmentRegion = en;
			hasScannedForEncodings = 0;
			knownRegions = (
				en,
				Base,
			);
			mainGroup = D55B360F29DF7FBA005AD9B4;
			packageReferences = (
				D573571829DFC4FF005225D6 /* XCRemoteSwiftPackageReference "SQLite" */,
				D573572529DFCC93005225D6 /* XCRemoteSwiftPackageReference "SQLiteMigrationManager" */,
			);
			productRefGroup = D55B361929DF7FBA005AD9B4 /* Products */;
			projectDirPath = "";
			projectRoot = "";
			targets = (
				D55B361729DF7FBA005AD9B4 /* ChessHeatmap */,
				D57356F629DF8263005225D6 /* ChessHeatmapTests */,
			);
		};
/* End PBXProject section */

/* Begin PBXResourcesBuildPhase section */
		D55B361629DF7FBA005AD9B4 /* Resources */ = {
			isa = PBXResourcesBuildPhase;
			buildActionMask = 2147483647;
			files = (
				D55B362029DF7FBB005AD9B4 /* Assets.xcassets in Resources */,
			);
			runOnlyForDeploymentPostprocessing = 0;
		};
		D57356F529DF8263005225D6 /* Resources */ = {
			isa = PBXResourcesBuildPhase;
			buildActionMask = 2147483647;
			files = (
			);
			runOnlyForDeploymentPostprocessing = 0;
		};
/* End PBXResourcesBuildPhase section */

/* Begin PBXSourcesBuildPhase section */
		D55B361429DF7FBA005AD9B4 /* Sources */ = {
			isa = PBXSourcesBuildPhase;
			buildActionMask = 2147483647;
			files = (
				D55B363229DF819F005AD9B4 /* Environment+ChessClient.swift in Sources */,
				D573571D29DFC5A8005225D6 /* UserListView.swift in Sources */,
				D573570F29DF8C4C005225D6 /* YearResultView.swift in Sources */,
				D55B362F29DF80C6005AD9B4 /* ChessClient.swift in Sources */,
				D573572B29DFCD0E005225D6 /* AddInitialTables.swift in Sources */,
				D55B361C29DF7FBA005AD9B4 /* ChessHeatmapApp.swift in Sources */,
				D573571529DF9855005225D6 /* Player.swift in Sources */,
				D573572129DFC79E005225D6 /* DatabaseClient.swift in Sources */,
				D573573029DFD131005225D6 /* Migrations.swift in Sources */,
				D573570929DF87D9005225D6 /* Game.swift in Sources */,
				D573571129DF9712005225D6 /* HeatmapView.swift in Sources */,
				D573571329DF9767005225D6 /* OrderedGames.swift in Sources */,
				D573571729DF9877005225D6 /* GameResult.swift in Sources */,
				D573572D29DFCD8E005225D6 /* Schema.swift in Sources */,
				D573571F29DFC5BD005225D6 /* User.swift in Sources */,
			);
			runOnlyForDeploymentPostprocessing = 0;
		};
		D57356F329DF8263005225D6 /* Sources */ = {
			isa = PBXSourcesBuildPhase;
			buildActionMask = 2147483647;
			files = (
				D573573329DFD1DD005225D6 /* MigrationsTests.swift in Sources */,
				D57356FA29DF8263005225D6 /* ChessHeatmapTests.swift in Sources */,
				D573570C29DF89B6005225D6 /* ChessClientTests.swift in Sources */,
			);
			runOnlyForDeploymentPostprocessing = 0;
		};
/* End PBXSourcesBuildPhase section */

/* Begin PBXTargetDependency section */
		D57356FC29DF8263005225D6 /* PBXTargetDependency */ = {
			isa = PBXTargetDependency;
			target = D55B361729DF7FBA005AD9B4 /* ChessHeatmap */;
			targetProxy = D57356FB29DF8263005225D6 /* PBXContainerItemProxy */;
		};
/* End PBXTargetDependency section */

/* Begin XCBuildConfiguration section */
		D55B362529DF7FBB005AD9B4 /* Debug */ = {
			isa = XCBuildConfiguration;
			buildSettings = {
				ALWAYS_SEARCH_USER_PATHS = NO;
				CLANG_ANALYZER_NONNULL = YES;
				CLANG_ANALYZER_NUMBER_OBJECT_CONVERSION = YES_AGGRESSIVE;
				CLANG_CXX_LANGUAGE_STANDARD = "gnu++20";
				CLANG_ENABLE_MODULES = YES;
				CLANG_ENABLE_OBJC_ARC = YES;
				CLANG_ENABLE_OBJC_WEAK = YES;
				CLANG_WARN_BLOCK_CAPTURE_AUTORELEASING = YES;
				CLANG_WARN_BOOL_CONVERSION = YES;
				CLANG_WARN_COMMA = YES;
				CLANG_WARN_CONSTANT_CONVERSION = YES;
				CLANG_WARN_DEPRECATED_OBJC_IMPLEMENTATIONS = YES;
				CLANG_WARN_DIRECT_OBJC_ISA_USAGE = YES_ERROR;
				CLANG_WARN_DOCUMENTATION_COMMENTS = YES;
				CLANG_WARN_EMPTY_BODY = YES;
				CLANG_WARN_ENUM_CONVERSION = YES;
				CLANG_WARN_INFINITE_RECURSION = YES;
				CLANG_WARN_INT_CONVERSION = YES;
				CLANG_WARN_NON_LITERAL_NULL_CONVERSION = YES;
				CLANG_WARN_OBJC_IMPLICIT_RETAIN_SELF = YES;
				CLANG_WARN_OBJC_LITERAL_CONVERSION = YES;
				CLANG_WARN_OBJC_ROOT_CLASS = YES_ERROR;
				CLANG_WARN_QUOTED_INCLUDE_IN_FRAMEWORK_HEADER = YES;
				CLANG_WARN_RANGE_LOOP_ANALYSIS = YES;
				CLANG_WARN_STRICT_PROTOTYPES = YES;
				CLANG_WARN_SUSPICIOUS_MOVE = YES;
				CLANG_WARN_UNGUARDED_AVAILABILITY = YES_AGGRESSIVE;
				CLANG_WARN_UNREACHABLE_CODE = YES;
				CLANG_WARN__DUPLICATE_METHOD_MATCH = YES;
				COPY_PHASE_STRIP = NO;
				DEBUG_INFORMATION_FORMAT = dwarf;
				ENABLE_STRICT_OBJC_MSGSEND = YES;
				ENABLE_TESTABILITY = YES;
				GCC_C_LANGUAGE_STANDARD = gnu11;
				GCC_DYNAMIC_NO_PIC = NO;
				GCC_NO_COMMON_BLOCKS = YES;
				GCC_OPTIMIZATION_LEVEL = 0;
				GCC_PREPROCESSOR_DEFINITIONS = (
					"DEBUG=1",
					"$(inherited)",
				);
				GCC_WARN_64_TO_32_BIT_CONVERSION = YES;
				GCC_WARN_ABOUT_RETURN_TYPE = YES_ERROR;
				GCC_WARN_UNDECLARED_SELECTOR = YES;
				GCC_WARN_UNINITIALIZED_AUTOS = YES_AGGRESSIVE;
				GCC_WARN_UNUSED_FUNCTION = YES;
				GCC_WARN_UNUSED_VARIABLE = YES;
				MTL_ENABLE_DEBUG_INFO = INCLUDE_SOURCE;
				MTL_FAST_MATH = YES;
				ONLY_ACTIVE_ARCH = YES;
				SWIFT_ACTIVE_COMPILATION_CONDITIONS = DEBUG;
				SWIFT_OPTIMIZATION_LEVEL = "-Onone";
			};
			name = Debug;
		};
		D55B362629DF7FBB005AD9B4 /* Release */ = {
			isa = XCBuildConfiguration;
			buildSettings = {
				ALWAYS_SEARCH_USER_PATHS = NO;
				CLANG_ANALYZER_NONNULL = YES;
				CLANG_ANALYZER_NUMBER_OBJECT_CONVERSION = YES_AGGRESSIVE;
				CLANG_CXX_LANGUAGE_STANDARD = "gnu++20";
				CLANG_ENABLE_MODULES = YES;
				CLANG_ENABLE_OBJC_ARC = YES;
				CLANG_ENABLE_OBJC_WEAK = YES;
				CLANG_WARN_BLOCK_CAPTURE_AUTORELEASING = YES;
				CLANG_WARN_BOOL_CONVERSION = YES;
				CLANG_WARN_COMMA = YES;
				CLANG_WARN_CONSTANT_CONVERSION = YES;
				CLANG_WARN_DEPRECATED_OBJC_IMPLEMENTATIONS = YES;
				CLANG_WARN_DIRECT_OBJC_ISA_USAGE = YES_ERROR;
				CLANG_WARN_DOCUMENTATION_COMMENTS = YES;
				CLANG_WARN_EMPTY_BODY = YES;
				CLANG_WARN_ENUM_CONVERSION = YES;
				CLANG_WARN_INFINITE_RECURSION = YES;
				CLANG_WARN_INT_CONVERSION = YES;
				CLANG_WARN_NON_LITERAL_NULL_CONVERSION = YES;
				CLANG_WARN_OBJC_IMPLICIT_RETAIN_SELF = YES;
				CLANG_WARN_OBJC_LITERAL_CONVERSION = YES;
				CLANG_WARN_OBJC_ROOT_CLASS = YES_ERROR;
				CLANG_WARN_QUOTED_INCLUDE_IN_FRAMEWORK_HEADER = YES;
				CLANG_WARN_RANGE_LOOP_ANALYSIS = YES;
				CLANG_WARN_STRICT_PROTOTYPES = YES;
				CLANG_WARN_SUSPICIOUS_MOVE = YES;
				CLANG_WARN_UNGUARDED_AVAILABILITY = YES_AGGRESSIVE;
				CLANG_WARN_UNREACHABLE_CODE = YES;
				CLANG_WARN__DUPLICATE_METHOD_MATCH = YES;
				COPY_PHASE_STRIP = NO;
				DEBUG_INFORMATION_FORMAT = "dwarf-with-dsym";
				ENABLE_NS_ASSERTIONS = NO;
				ENABLE_STRICT_OBJC_MSGSEND = YES;
				GCC_C_LANGUAGE_STANDARD = gnu11;
				GCC_NO_COMMON_BLOCKS = YES;
				GCC_WARN_64_TO_32_BIT_CONVERSION = YES;
				GCC_WARN_ABOUT_RETURN_TYPE = YES_ERROR;
				GCC_WARN_UNDECLARED_SELECTOR = YES;
				GCC_WARN_UNINITIALIZED_AUTOS = YES_AGGRESSIVE;
				GCC_WARN_UNUSED_FUNCTION = YES;
				GCC_WARN_UNUSED_VARIABLE = YES;
				MTL_ENABLE_DEBUG_INFO = NO;
				MTL_FAST_MATH = YES;
				SWIFT_COMPILATION_MODE = wholemodule;
				SWIFT_OPTIMIZATION_LEVEL = "-O";
			};
			name = Release;
		};
		D55B362829DF7FBB005AD9B4 /* Debug */ = {
			isa = XCBuildConfiguration;
			buildSettings = {
				ASSETCATALOG_COMPILER_APPICON_NAME = AppIcon;
				ASSETCATALOG_COMPILER_GLOBAL_ACCENT_COLOR_NAME = AccentColor;
				CODE_SIGN_ENTITLEMENTS = ChessHeatmap/Resources/ChessHeatmap.entitlements;
				CODE_SIGN_STYLE = Automatic;
				CURRENT_PROJECT_VERSION = 1;
				DEVELOPMENT_ASSET_PATHS = "";
				DEVELOPMENT_TEAM = Z88RVG5KD9;
				ENABLE_HARDENED_RUNTIME = YES;
				ENABLE_PREVIEWS = YES;
				GENERATE_INFOPLIST_FILE = YES;
				"INFOPLIST_KEY_UIApplicationSceneManifest_Generation[sdk=iphoneos*]" = YES;
				"INFOPLIST_KEY_UIApplicationSceneManifest_Generation[sdk=iphonesimulator*]" = YES;
				"INFOPLIST_KEY_UIApplicationSupportsIndirectInputEvents[sdk=iphoneos*]" = YES;
				"INFOPLIST_KEY_UIApplicationSupportsIndirectInputEvents[sdk=iphonesimulator*]" = YES;
				"INFOPLIST_KEY_UILaunchScreen_Generation[sdk=iphoneos*]" = YES;
				"INFOPLIST_KEY_UILaunchScreen_Generation[sdk=iphonesimulator*]" = YES;
				"INFOPLIST_KEY_UIStatusBarStyle[sdk=iphoneos*]" = UIStatusBarStyleDefault;
				"INFOPLIST_KEY_UIStatusBarStyle[sdk=iphonesimulator*]" = UIStatusBarStyleDefault;
				INFOPLIST_KEY_UISupportedInterfaceOrientations_iPad = "UIInterfaceOrientationPortrait UIInterfaceOrientationPortraitUpsideDown UIInterfaceOrientationLandscapeLeft UIInterfaceOrientationLandscapeRight";
				INFOPLIST_KEY_UISupportedInterfaceOrientations_iPhone = "UIInterfaceOrientationPortrait UIInterfaceOrientationLandscapeLeft UIInterfaceOrientationLandscapeRight";
				IPHONEOS_DEPLOYMENT_TARGET = 16.2;
				LD_RUNPATH_SEARCH_PATHS = "@executable_path/Frameworks";
				"LD_RUNPATH_SEARCH_PATHS[sdk=macosx*]" = "@executable_path/../Frameworks";
				MACOSX_DEPLOYMENT_TARGET = 13.1;
				MARKETING_VERSION = 1.0;
				PRODUCT_BUNDLE_IDENTIFIER = us.boek.ChessHeatmap;
				PRODUCT_NAME = "$(TARGET_NAME)";
				SDKROOT = auto;
				SUPPORTED_PLATFORMS = "iphoneos iphonesimulator macosx";
				SWIFT_EMIT_LOC_STRINGS = YES;
				SWIFT_VERSION = 5.0;
				TARGETED_DEVICE_FAMILY = "1,2";
			};
			name = Debug;
		};
		D55B362929DF7FBB005AD9B4 /* Release */ = {
			isa = XCBuildConfiguration;
			buildSettings = {
				ASSETCATALOG_COMPILER_APPICON_NAME = AppIcon;
				ASSETCATALOG_COMPILER_GLOBAL_ACCENT_COLOR_NAME = AccentColor;
				CODE_SIGN_ENTITLEMENTS = ChessHeatmap/Resources/ChessHeatmap.entitlements;
				CODE_SIGN_STYLE = Automatic;
				CURRENT_PROJECT_VERSION = 1;
				DEVELOPMENT_ASSET_PATHS = "";
				DEVELOPMENT_TEAM = Z88RVG5KD9;
				ENABLE_HARDENED_RUNTIME = YES;
				ENABLE_PREVIEWS = YES;
				GENERATE_INFOPLIST_FILE = YES;
				"INFOPLIST_KEY_UIApplicationSceneManifest_Generation[sdk=iphoneos*]" = YES;
				"INFOPLIST_KEY_UIApplicationSceneManifest_Generation[sdk=iphonesimulator*]" = YES;
				"INFOPLIST_KEY_UIApplicationSupportsIndirectInputEvents[sdk=iphoneos*]" = YES;
				"INFOPLIST_KEY_UIApplicationSupportsIndirectInputEvents[sdk=iphonesimulator*]" = YES;
				"INFOPLIST_KEY_UILaunchScreen_Generation[sdk=iphoneos*]" = YES;
				"INFOPLIST_KEY_UILaunchScreen_Generation[sdk=iphonesimulator*]" = YES;
				"INFOPLIST_KEY_UIStatusBarStyle[sdk=iphoneos*]" = UIStatusBarStyleDefault;
				"INFOPLIST_KEY_UIStatusBarStyle[sdk=iphonesimulator*]" = UIStatusBarStyleDefault;
				INFOPLIST_KEY_UISupportedInterfaceOrientations_iPad = "UIInterfaceOrientationPortrait UIInterfaceOrientationPortraitUpsideDown UIInterfaceOrientationLandscapeLeft UIInterfaceOrientationLandscapeRight";
				INFOPLIST_KEY_UISupportedInterfaceOrientations_iPhone = "UIInterfaceOrientationPortrait UIInterfaceOrientationLandscapeLeft UIInterfaceOrientationLandscapeRight";
				IPHONEOS_DEPLOYMENT_TARGET = 16.2;
				LD_RUNPATH_SEARCH_PATHS = "@executable_path/Frameworks";
				"LD_RUNPATH_SEARCH_PATHS[sdk=macosx*]" = "@executable_path/../Frameworks";
				MACOSX_DEPLOYMENT_TARGET = 13.1;
				MARKETING_VERSION = 1.0;
				PRODUCT_BUNDLE_IDENTIFIER = us.boek.ChessHeatmap;
				PRODUCT_NAME = "$(TARGET_NAME)";
				SDKROOT = auto;
				SUPPORTED_PLATFORMS = "iphoneos iphonesimulator macosx";
				SWIFT_EMIT_LOC_STRINGS = YES;
				SWIFT_VERSION = 5.0;
				TARGETED_DEVICE_FAMILY = "1,2";
			};
			name = Release;
		};
		D57356FE29DF8263005225D6 /* Debug */ = {
			isa = XCBuildConfiguration;
			buildSettings = {
				BUNDLE_LOADER = "$(TEST_HOST)";
				CODE_SIGN_STYLE = Automatic;
				CURRENT_PROJECT_VERSION = 1;
				DEVELOPMENT_TEAM = Z88RVG5KD9;
				GENERATE_INFOPLIST_FILE = YES;
				IPHONEOS_DEPLOYMENT_TARGET = 16.2;
				MACOSX_DEPLOYMENT_TARGET = 13.1;
				MARKETING_VERSION = 1.0;
				PRODUCT_BUNDLE_IDENTIFIER = us.boek.ChessHeatmapTests;
				PRODUCT_NAME = "$(TARGET_NAME)";
				SDKROOT = auto;
				SUPPORTED_PLATFORMS = "iphoneos iphonesimulator macosx";
				SWIFT_EMIT_LOC_STRINGS = NO;
				SWIFT_VERSION = 5.0;
				TARGETED_DEVICE_FAMILY = "1,2";
				TEST_HOST = "$(BUILT_PRODUCTS_DIR)/ChessHeatmap.app/$(BUNDLE_EXECUTABLE_FOLDER_PATH)/ChessHeatmap";
			};
			name = Debug;
		};
		D57356FF29DF8263005225D6 /* Release */ = {
			isa = XCBuildConfiguration;
			buildSettings = {
				BUNDLE_LOADER = "$(TEST_HOST)";
				CODE_SIGN_STYLE = Automatic;
				CURRENT_PROJECT_VERSION = 1;
				DEVELOPMENT_TEAM = Z88RVG5KD9;
				GENERATE_INFOPLIST_FILE = YES;
				IPHONEOS_DEPLOYMENT_TARGET = 16.2;
				MACOSX_DEPLOYMENT_TARGET = 13.1;
				MARKETING_VERSION = 1.0;
				PRODUCT_BUNDLE_IDENTIFIER = us.boek.ChessHeatmapTests;
				PRODUCT_NAME = "$(TARGET_NAME)";
				SDKROOT = auto;
				SUPPORTED_PLATFORMS = "iphoneos iphonesimulator macosx";
				SWIFT_EMIT_LOC_STRINGS = NO;
				SWIFT_VERSION = 5.0;
				TARGETED_DEVICE_FAMILY = "1,2";
				TEST_HOST = "$(BUILT_PRODUCTS_DIR)/ChessHeatmap.app/$(BUNDLE_EXECUTABLE_FOLDER_PATH)/ChessHeatmap";
			};
			name = Release;
		};
/* End XCBuildConfiguration section */

/* Begin XCConfigurationList section */
		D55B361329DF7FBA005AD9B4 /* Build configuration list for PBXProject "ChessHeatmap" */ = {
			isa = XCConfigurationList;
			buildConfigurations = (
				D55B362529DF7FBB005AD9B4 /* Debug */,
				D55B362629DF7FBB005AD9B4 /* Release */,
			);
			defaultConfigurationIsVisible = 0;
			defaultConfigurationName = Release;
		};
		D55B362729DF7FBB005AD9B4 /* Build configuration list for PBXNativeTarget "ChessHeatmap" */ = {
			isa = XCConfigurationList;
			buildConfigurations = (
				D55B362829DF7FBB005AD9B4 /* Debug */,
				D55B362929DF7FBB005AD9B4 /* Release */,
			);
			defaultConfigurationIsVisible = 0;
			defaultConfigurationName = Release;
		};
		D57356FD29DF8263005225D6 /* Build configuration list for PBXNativeTarget "ChessHeatmapTests" */ = {
			isa = XCConfigurationList;
			buildConfigurations = (
				D57356FE29DF8263005225D6 /* Debug */,
				D57356FF29DF8263005225D6 /* Release */,
			);
			defaultConfigurationIsVisible = 0;
			defaultConfigurationName = Release;
		};
/* End XCConfigurationList section */

/* Begin XCRemoteSwiftPackageReference section */
		D573571829DFC4FF005225D6 /* XCRemoteSwiftPackageReference "SQLite" */ = {
			isa = XCRemoteSwiftPackageReference;
			repositoryURL = "https://github.com/stephencelis/SQLite.swift";
			requirement = {
				kind = upToNextMajorVersion;
				minimumVersion = 0.9.2;
			};
		};
		D573572529DFCC93005225D6 /* XCRemoteSwiftPackageReference "SQLiteMigrationManager" */ = {
			isa = XCRemoteSwiftPackageReference;
			repositoryURL = "https://github.com/garriguv/SQLiteMigrationManager.swift";
			requirement = {
				kind = upToNextMajorVersion;
				minimumVersion = 0.8.1;
			};
		};
/* End XCRemoteSwiftPackageReference section */

/* Begin XCSwiftPackageProductDependency section */
		D573571929DFC4FF005225D6 /* SQLite */ = {
			isa = XCSwiftPackageProductDependency;
			package = D573571829DFC4FF005225D6 /* XCRemoteSwiftPackageReference "SQLite" */;
			productName = SQLite;
		};
		D573572629DFCC93005225D6 /* SQLiteMigrationManager */ = {
			isa = XCSwiftPackageProductDependency;
			package = D573572529DFCC93005225D6 /* XCRemoteSwiftPackageReference "SQLiteMigrationManager" */;
			productName = SQLiteMigrationManager;
		};
/* End XCSwiftPackageProductDependency section */
	};
	rootObject = D55B361029DF7FBA005AD9B4 /* Project object */;
}
